{
  "nodes": {
    "nixpkgs": {
      "locked": {
        "lastModified": 1730785428,
        "narHash": "sha256-Zwl8YgTVJTEum+L+0zVAWvXAGbWAuXHax3KzuejaDyo=",
        "owner": "nixos",
        "repo": "nixpkgs",
        "rev": "4aa36568d413aca0ea84a1684d2d46f55dbabad7",
        "type": "github"
      },
      "original": {
        "owner": "nixos",
        "ref": "nixos-unstable",
        "repo": "nixpkgs",
        "type": "github"
      }
    },
    "nixpkgs_2": {
      "locked": {
        "lastModified": 1730785428,
        "narHash": "sha256-Zwl8YgTVJTEum+L+0zVAWvXAGbWAuXHax3KzuejaDyo=",
        "owner": "nixos",
        "repo": "nixpkgs",
        "rev": "4aa36568d413aca0ea84a1684d2d46f55dbabad7",
        "type": "github"
      },
      "original": {
        "owner": "nixos",
        "ref": "nixos-unstable",
        "repo": "nixpkgs",
        "type": "github"
      }
    },
    "nixpkgs_3": {
      "locked": {
        "lastModified": 1730785428,
        "narHash": "sha256-Zwl8YgTVJTEum+L+0zVAWvXAGbWAuXHax3KzuejaDyo=",
        "owner": "nixos",
        "repo": "nixpkgs",
        "rev": "4aa36568d413aca0ea84a1684d2d46f55dbabad7",
        "type": "github"
      },
      "original": {
        "owner": "nixos",
        "ref": "nixos-unstable",
        "repo": "nixpkgs",
        "type": "github"
      }
    },
    "nixpkgs_4": {
      "locked": {
        "lastModified": 1730785428,
        "narHash": "sha256-Zwl8YgTVJTEum+L+0zVAWvXAGbWAuXHax3KzuejaDyo=",
        "owner": "nixos",
        "repo": "nixpkgs",
        "rev": "4aa36568d413aca0ea84a1684d2d46f55dbabad7",
        "type": "github"
      },
      "original": {
        "owner": "nixos",
        "ref": "nixos-unstable",
        "repo": "nixpkgs",
        "type": "github"
      }
    },
    "root": {
      "inputs": {
        "nixpkgs": "nixpkgs",
        "upstream": "upstream"
      }
    },
    "upstream": {
      "inputs": {
        "nixpkgs": "nixpkgs_2",
        "upstream": "upstream_2"
      },
      "locked": {
        "lastModified": 1730891735,
        "narHash": "sha256-hMyn42VRlJy899wKlRFDmQdjwafvQBxpsHxWb1EPfhQ=",
        "owner": "mag-nix",
        "repo": "partial",
        "rev": "93587608e0be06ca516167cef5b3d6e739934e91",
        "type": "github"
      },
      "original": {
        "owner": "mag-nix",
        "ref": "main",
        "repo": "partial",
        "type": "github"
      }
    },
    "upstream_2": {
      "inputs": {
        "nixpkgs": "nixpkgs_3",
        "upstream": "upstream_3"
      },
      "locked": {
        "lastModified": 1730890899,
        "narHash": "sha256-He5l05d6SR9WDRDXGH27EAlgHWb9O3dOVPO24fC0Bnw=",
        "owner": "mag-nix",
        "repo": "partial",
        "rev": "1d60da8c2f7ef9f6c597f73bd2d82710970a5376",
        "type": "github"
      },
      "original": {
        "owner": "mag-nix",
        "ref": "main",
        "repo": "partial",
        "type": "github"
      }
    },
    "upstream_3": {
      "inputs": {
        "nixpkgs": "nixpkgs_4"
      },
      "locked": {
        "lastModified": 1730890184,
        "narHash": "sha256-ASc+xZkPvna56L75uS5IGanfDqBBYO81niYydsG10Nk=",
        "owner": "mag-nix",
        "repo": "partial",
        "rev": "45a273fbbaa2c473daa4e4c36ce818609d838bc3",
        "type": "github"
      },
      "original": {
        "owner": "mag-nix",
        "ref": "main",
        "repo": "partial",
        "type": "github"
      }
    }
  },
  "root": "root",
  "version": 7
}
